
Microsoft Visual Studio Solution File, Format Version 12.00
Project("{FAE04EC0-301F-11D3-BF4B-00C04F79EFBC}") = "CashBook.Api", "CashBook.Api\CashBook.Api.csproj", "{4E725A25-0A98-4CBC-8197-7A163C7A53CD}"
EndProject
Project("{FAE04EC0-301F-11D3-BF4B-00C04F79EFBC}") = "CashBook.Domain", "CashBook.Domain\CashBook.Domain.csproj", "{5E983328-2E4F-41C8-B566-02A2E41E2CAD}"
EndProject
Project("{FAE04EC0-301F-11D3-BF4B-00C04F79EFBC}") = "CashBook.Infrastructure", "CashBook.Infrastructure\CashBook.Infrastructure.csproj", "{DC26DEC3-D052-47F4-9E46-2F80A6EB2B1E}"
EndProject
Project("{FAE04EC0-301F-11D3-BF4B-00C04F79EFBC}") = "CashBook.Application", "CashBook.Application\CashBook.Application.csproj", "{2E627997-7782-4FC1-8896-3F749CB75E15}"
EndProject
Global
	GlobalSection(SolutionConfigurationPlatforms) = preSolution
		Debug|Any CPU = Debug|Any CPU
		Release|Any CPU = Release|Any CPU
	EndGlobalSection
	GlobalSection(ProjectConfigurationPlatforms) = postSolution
		{4E725A25-0A98-4CBC-8197-7A163C7A53CD}.Debug|Any CPU.ActiveCfg = Debug|Any CPU
		{4E725A25-0A98-4CBC-8197-7A163C7A53CD}.Debug|Any CPU.Build.0 = Debug|Any CPU
		{4E725A25-0A98-4CBC-8197-7A163C7A53CD}.Release|Any CPU.ActiveCfg = Release|Any CPU
		{4E725A25-0A98-4CBC-8197-7A163C7A53CD}.Release|Any CPU.Build.0 = Release|Any CPU
		{5E983328-2E4F-41C8-B566-02A2E41E2CAD}.Debug|Any CPU.ActiveCfg = Debug|Any CPU
		{5E983328-2E4F-41C8-B566-02A2E41E2CAD}.Debug|Any CPU.Build.0 = Debug|Any CPU
		{5E983328-2E4F-41C8-B566-02A2E41E2CAD}.Release|Any CPU.ActiveCfg = Release|Any CPU
		{5E983328-2E4F-41C8-B566-02A2E41E2CAD}.Release|Any CPU.Build.0 = Release|Any CPU
		{DC26DEC3-D052-47F4-9E46-2F80A6EB2B1E}.Debug|Any CPU.ActiveCfg = Debug|Any CPU
		{DC26DEC3-D052-47F4-9E46-2F80A6EB2B1E}.Debug|Any CPU.Build.0 = Debug|Any CPU
		{DC26DEC3-D052-47F4-9E46-2F80A6EB2B1E}.Release|Any CPU.ActiveCfg = Release|Any CPU
		{DC26DEC3-D052-47F4-9E46-2F80A6EB2B1E}.Release|Any CPU.Build.0 = Release|Any CPU
		{2E627997-7782-4FC1-8896-3F749CB75E15}.Debug|Any CPU.ActiveCfg = Debug|Any CPU
		{2E627997-7782-4FC1-8896-3F749CB75E15}.Debug|Any CPU.Build.0 = Debug|Any CPU
		{2E627997-7782-4FC1-8896-3F749CB75E15}.Release|Any CPU.ActiveCfg = Release|Any CPU
		{2E627997-7782-4FC1-8896-3F749CB75E15}.Release|Any CPU.Build.0 = Release|Any CPU
	EndGlobalSection
EndGlobal
